
Microsoft Visual Studio Solution File, Format Version 12.00
# Visual Studio 15
VisualStudioVersion = 15.0.28010.2041
MinimumVisualStudioVersion = 10.0.40219.1
Project("{9A19103F-16F7-4668-BE54-9A1E7A4F7556}") = "dotPi", "dotPi.csproj", "{75A0DAA2-3233-4E8C-B74B-57A0A4DD16E2}"
EndProject
Global
	GlobalSection(SolutionConfigurationPlatforms) = preSolution
		Debug|Any CPU = Debug|Any CPU
		Release|Any CPU = Release|Any CPU
	EndGlobalSection
	GlobalSection(ProjectConfigurationPlatforms) = postSolution
		{75A0DAA2-3233-4E8C-B74B-57A0A4DD16E2}.Debug|Any CPU.ActiveCfg = Debug|Any CPU
		{75A0DAA2-3233-4E8C-B74B-57A0A4DD16E2}.Debug|Any CPU.Build.0 = Debug|Any CPU
		{75A0DAA2-3233-4E8C-B74B-57A0A4DD16E2}.Release|Any CPU.ActiveCfg = Release|Any CPU
		{75A0DAA2-3233-4E8C-B74B-57A0A4DD16E2}.Release|Any CPU.Build.0 = Release|Any CPU
	EndGlobalSection
	GlobalSection(SolutionProperties) = preSolution
		HideSolutionNode = FALSE
	EndGlobalSection
	GlobalSection(ExtensibilityGlobals) = postSolution
		SolutionGuid = {7C5EA06C-D99D-4428-89D5-AC0331E01771}
	EndGlobalSection
EndGlobal
